
Microsoft Visual Studio Solution File, Format Version 12.00
# Visual Studio Version 17
VisualStudioVersion = 17.4.33103.184
MinimumVisualStudioVersion = 10.0.40219.1
Project("{FAE04EC0-301F-11D3-BF4B-00C04F79EFBC}") = "Destiny.cs", "Destiny.cs\Destiny.cs.csproj", "{68B5D3C2-14C0-46FB-8A69-BACAF9772D4F}"
EndProject
Global
	GlobalSection(SolutionConfigurationPlatforms) = preSolution
		Debug|Any CPU = Debug|Any CPU
		Release|Any CPU = Release|Any CPU
	EndGlobalSection
	GlobalSection(ProjectConfigurationPlatforms) = postSolution
		{68B5D3C2-14C0-46FB-8A69-BACAF9772D4F}.Debug|Any CPU.ActiveCfg = Debug|Any CPU
		{68B5D3C2-14C0-46FB-8A69-BACAF9772D4F}.Debug|Any CPU.Build.0 = Debug|Any CPU
		{68B5D3C2-14C0-46FB-8A69-BACAF9772D4F}.Release|Any CPU.ActiveCfg = Release|Any CPU
		{68B5D3C2-14C0-46FB-8A69-BACAF9772D4F}.Release|Any CPU.Build.0 = Release|Any CPU
	EndGlobalSection
	GlobalSection(SolutionProperties) = preSolution
		HideSolutionNode = FALSE
	EndGlobalSection
	GlobalSection(ExtensibilityGlobals) = postSolution
		SolutionGuid = {74121FA3-A6A3-456B-B909-EAD341316193}
	EndGlobalSection
EndGlobal
